
Microsoft Visual Studio Solution File, Format Version 12.00
# Visual Studio Version 17
VisualStudioVersion = 17.5.002.0
MinimumVisualStudioVersion = 10.0.40219.1
Project("{9A19103F-16F7-4668-BE54-9A1E7A4F7556}") = ".kcppredavanje", ".kcppredavanje.csproj", "{0DD4EA6F-F643-48E1-BFA6-7396F82B0D6A}"
EndProject
Global
	GlobalSection(SolutionConfigurationPlatforms) = preSolution
		Debug|Any CPU = Debug|Any CPU
		Release|Any CPU = Release|Any CPU
	EndGlobalSection
	GlobalSection(ProjectConfigurationPlatforms) = postSolution
		{0DD4EA6F-F643-48E1-BFA6-7396F82B0D6A}.Debug|Any CPU.ActiveCfg = Debug|Any CPU
		{0DD4EA6F-F643-48E1-BFA6-7396F82B0D6A}.Debug|Any CPU.Build.0 = Debug|Any CPU
		{0DD4EA6F-F643-48E1-BFA6-7396F82B0D6A}.Release|Any CPU.ActiveCfg = Release|Any CPU
		{0DD4EA6F-F643-48E1-BFA6-7396F82B0D6A}.Release|Any CPU.Build.0 = Release|Any CPU
	EndGlobalSection
	GlobalSection(SolutionProperties) = preSolution
		HideSolutionNode = FALSE
	EndGlobalSection
	GlobalSection(ExtensibilityGlobals) = postSolution
		SolutionGuid = {BA19BC66-A0E0-444A-94CF-BBEE500911F1}
	EndGlobalSection
EndGlobal
